
Microsoft Visual Studio Solution File, Format Version 12.00
Project("{2150E333-8FDC-42A3-9474-1A3956D46DE8}") = "src", "src", "{296A7858-05AC-41E3-9D4D-0F494CA532B0}"
EndProject
Project("{2150E333-8FDC-42A3-9474-1A3956D46DE8}") = "common", "common", "{739983C7-B506-4D0E-87D7-5FCC1BBEC695}"
ProjectSection(SolutionItems) = preProject
	Dockerfile = Dockerfile
	README.md = README.md
	.gitignore = .gitignore
EndProjectSection
EndProject
Project("{2150E333-8FDC-42A3-9474-1A3956D46DE8}") = "tests", "tests", "{C47D120F-D6E7-419C-99BF-1FC0E1B6DC20}"
EndProject
Project("{FAE04EC0-301F-11D3-BF4B-00C04F79EFBC}") = "OzonEdu.MerchandiseService", "src\OzonEdu.MerchandiseService\OzonEdu.MerchandiseService.csproj", "{3562794A-2BE8-43F8-8C82-198BAFFF89C6}"
EndProject
Project("{2150E333-8FDC-42A3-9474-1A3956D46DE8}") = "deploy", "deploy", "{8F40D7B1-FBC6-41C7-8B18-1A1A7FCFDA72}"
ProjectSection(SolutionItems) = preProject
	deploy\docker-compose.yml = deploy\docker-compose.yml
EndProjectSection
EndProject
Project("{FAE04EC0-301F-11D3-BF4B-00C04F79EFBC}") = "OzonEdu.MerchandiseService.HttpClient", "src\OzonEdu.MerchandiseService.HttpClient\OzonEdu.MerchandiseService.HttpClient.csproj", "{51531709-F61D-40C4-9FF2-0848509B75F3}"
EndProject
Project("{FAE04EC0-301F-11D3-BF4B-00C04F79EFBC}") = "OzonEdu.MerchandiseService.HttpModels", "src\OzonEdu.MerchandiseService.HttpModels\OzonEdu.MerchandiseService.HttpModels.csproj", "{737B1F70-987D-4FB8-AC42-09C30D95421A}"
EndProject
Global
	GlobalSection(SolutionConfigurationPlatforms) = preSolution
		Debug|Any CPU = Debug|Any CPU
		Release|Any CPU = Release|Any CPU
	EndGlobalSection
	GlobalSection(NestedProjects) = preSolution
		{3562794A-2BE8-43F8-8C82-198BAFFF89C6} = {296A7858-05AC-41E3-9D4D-0F494CA532B0}
		{51531709-F61D-40C4-9FF2-0848509B75F3} = {296A7858-05AC-41E3-9D4D-0F494CA532B0}
		{737B1F70-987D-4FB8-AC42-09C30D95421A} = {296A7858-05AC-41E3-9D4D-0F494CA532B0}
	EndGlobalSection
	GlobalSection(ProjectConfigurationPlatforms) = postSolution
		{3562794A-2BE8-43F8-8C82-198BAFFF89C6}.Debug|Any CPU.ActiveCfg = Debug|Any CPU
		{3562794A-2BE8-43F8-8C82-198BAFFF89C6}.Debug|Any CPU.Build.0 = Debug|Any CPU
		{3562794A-2BE8-43F8-8C82-198BAFFF89C6}.Release|Any CPU.ActiveCfg = Release|Any CPU
		{3562794A-2BE8-43F8-8C82-198BAFFF89C6}.Release|Any CPU.Build.0 = Release|Any CPU
		{51531709-F61D-40C4-9FF2-0848509B75F3}.Debug|Any CPU.ActiveCfg = Debug|Any CPU
		{51531709-F61D-40C4-9FF2-0848509B75F3}.Debug|Any CPU.Build.0 = Debug|Any CPU
		{51531709-F61D-40C4-9FF2-0848509B75F3}.Release|Any CPU.ActiveCfg = Release|Any CPU
		{51531709-F61D-40C4-9FF2-0848509B75F3}.Release|Any CPU.Build.0 = Release|Any CPU
		{737B1F70-987D-4FB8-AC42-09C30D95421A}.Debug|Any CPU.ActiveCfg = Debug|Any CPU
		{737B1F70-987D-4FB8-AC42-09C30D95421A}.Debug|Any CPU.Build.0 = Debug|Any CPU
		{737B1F70-987D-4FB8-AC42-09C30D95421A}.Release|Any CPU.ActiveCfg = Release|Any CPU
		{737B1F70-987D-4FB8-AC42-09C30D95421A}.Release|Any CPU.Build.0 = Release|Any CPU
	EndGlobalSection
EndGlobal
